github.com/geoffjay/plantd-core v0.0.0-20220206010933-d77901108a42 h1:apsOdDCtq4f5uaKDe/e4tckTs5OPmDWDIyVRlGDb8mg=
github.com/geoffjay/plantd-core/core v0.0.0-20220206010933-d77901108a42 h1:zs37HBwIM/hMoeDIsogExC3h0jsm36dQFwndvAZGWVA=
github.com/geoffjay/plantd-core/core v0.0.0-20220206010933-d77901108a42/go.mod h1:hxIOlDNBZUO4iX5QwqS1OxF8RooIFLEOdeSRkAsyhfw=
