github.com/davecgh/go-spew v1.1.0/go.mod h1:J7Y8YcW2NihsgmVo/mv3lAwl/skON4iLHjSsI+c5H38=
github.com/davecgh/go-spew v1.1.1/go.mod h1:J7Y8YcW2NihsgmVo/mv3lAwl/skON4iLHjSsI+c5H38=
github.com/geoffjay/plantd/core v0.0.0-20240203060350-dcb48467bae6 h1:P2UZ4QxV+vuqTtRi2+QicMASJIGVysUpSQDRBOm4iHU=
github.com/geoffjay/plantd/core v0.0.0-20240203060350-dcb48467bae6/go.mod h1:hkuDD4QBDZd3z6Rsyp2fE2WJ4Oyr4u5d+hplE6l1FPY=
github.com/pmezard/go-difflib v1.0.0/go.mod h1:iKH77koFhYxTK1pcRnkKkqfTogsbg7gZNVY4sRDYZ/4=
github.com/sirupsen/logrus v1.9.3 h1:dueUQJ1C2q9oE3F7wvmSGAaVtTmUizReu6fjN8uqzbQ=
github.com/sirupsen/logrus v1.9.3/go.mod h1:naHLuLoDiP4jHNo9R0sCBMtWGeIprob74mVsIT4qYEQ=
github.com/stretchr/objx v0.1.0/go.mod h1:HFkY916IF+rwdDfMAkV7OtwuqBVzrE8GR6GFx+wExME=
github.com/stretchr/testify v1.7.0/go.mod h1:6Fq8oRcR53rry900zMqJjRRixrwX3KX962/h/Wwjteg=
github.com/tilinna/z85 v1.0.0/go.mod h1:EfpFU/DUY4ddEy6CRvk2l+UQNEzHbh+bqBQS+04Nkxs=
github.com/yukitsune/lokirus v1.0.1 h1:w8BbIJVBFoaF6M6XimwJLDc7sw3wsFbQp3OxdQZCNq8=
github.com/yukitsune/lokirus v1.0.1/go.mod h1:rcw/P3XPHGSMf20+/deZ2m3z0gU0L77fIt7Wd3GlvhQ=
github.com/zeromq/goczmq/v4 v4.2.1-0.20210413114303-4e50cfc0edc9 h1:5ZFPLee0ssWi5a027bWP2LuG4WBT6V48uF7NbF7XL1w=
github.com/zeromq/goczmq/v4 v4.2.1-0.20210413114303-4e50cfc0edc9/go.mod h1:SezYyKesCtUgb+h6RH7kfI49uKUqcdTdfu7x+Tt8W98=
golang.org/x/sys v0.0.0-20220715151400-c0bba94af5f8/go.mod h1:oPkhp1MJrh7nUepCBck5+mAzfO9JrbApNNgaTdGDITg=
golang.org/x/sys v0.15.0 h1:h48lPFYpsTvQJZF4EKyI4aLHaev3CxivZmv7yZig9pc=
golang.org/x/sys v0.15.0/go.mod h1:/VUhepiaJMQUp4+oa/7Zr1D23ma6VTLIYjOOTFZPUcA=
gopkg.in/check.v1 v0.0.0-20161208181325-20d25e280405/go.mod h1:Co6ibVJAznAaIkqp8huTwlJQCZ016jof/cbN4VW5Yz0=
gopkg.in/yaml.v3 v3.0.0-20200313102051-9f266ea9e77c/go.mod h1:K4uyk7z7BCEPqu6E+C64Yfv1cQ7kz7rIZviUmN+EgEM=
